
Microsoft Visual Studio Solution File, Format Version 12.00
# Visual Studio Version 17
VisualStudioVersion = 17.3.32929.385
MinimumVisualStudioVersion = 10.0.40219.1
Project("{FAE04EC0-301F-11D3-BF4B-00C04F79EFBC}") = "DragDrop", "DragDrop\DragDrop.csproj", "{2DDF6920-1BC8-4947-BCBC-8DBA6FF68168}"
EndProject
Global
	GlobalSection(SolutionConfigurationPlatforms) = preSolution
		Debug|Any CPU = Debug|Any CPU
		Release|Any CPU = Release|Any CPU
	EndGlobalSection
	GlobalSection(ProjectConfigurationPlatforms) = postSolution
		{2DDF6920-1BC8-4947-BCBC-8DBA6FF68168}.Debug|Any CPU.ActiveCfg = Debug|Any CPU
		{2DDF6920-1BC8-4947-BCBC-8DBA6FF68168}.Debug|Any CPU.Build.0 = Debug|Any CPU
		{2DDF6920-1BC8-4947-BCBC-8DBA6FF68168}.Release|Any CPU.ActiveCfg = Release|Any CPU
		{2DDF6920-1BC8-4947-BCBC-8DBA6FF68168}.Release|Any CPU.Build.0 = Release|Any CPU
	EndGlobalSection
	GlobalSection(SolutionProperties) = preSolution
		HideSolutionNode = FALSE
	EndGlobalSection
	GlobalSection(ExtensibilityGlobals) = postSolution
		SolutionGuid = {C21EDAE0-8AB8-4F41-A77C-BB968FEB764E}
	EndGlobalSection
EndGlobal
